
Microsoft Visual Studio Solution File, Format Version 11.00
# Visual C++ Express 2010
Project("{8BC9CEB8-8B4A-11D0-8D11-00A0C91BC942}") = "WordCount", "WordCount\WordCount.vcxproj", "{F9C5C84B-42F9-48B7-9D3C-D8F5E04AA195}"
EndProject
Global
	GlobalSection(SolutionConfigurationPlatforms) = preSolution
		Debug|Win32 = Debug|Win32
		Release|Win32 = Release|Win32
	EndGlobalSection
	GlobalSection(ProjectConfigurationPlatforms) = postSolution
		{F9C5C84B-42F9-48B7-9D3C-D8F5E04AA195}.Debug|Win32.ActiveCfg = Debug|Win32
		{F9C5C84B-42F9-48B7-9D3C-D8F5E04AA195}.Debug|Win32.Build.0 = Debug|Win32
		{F9C5C84B-42F9-48B7-9D3C-D8F5E04AA195}.Release|Win32.ActiveCfg = Release|Win32
		{F9C5C84B-42F9-48B7-9D3C-D8F5E04AA195}.Release|Win32.Build.0 = Release|Win32
	EndGlobalSection
	GlobalSection(SolutionProperties) = preSolution
		HideSolutionNode = FALSE
	EndGlobalSection
EndGlobal
